github.com/go-chi/chi v4.0.2+incompatible h1:maB6vn6FqCxrpz4FqWdh4+lwpyZIQS7YEAUcHlgXVRs=
github.com/go-chi/chi v4.0.2+incompatible/go.mod h1:eB3wogJHnLi3x/kFX2A+IbTBlXxmMeXJVKy9tTv1XzQ=
github.com/jmwri/go-http v0.0.1 h1:aYsUhNrQer9sWQS0qlPpMA+41BPXJrO5khmGaoONwn0=
github.com/jmwri/go-http v0.0.1/go.mod h1:kk153CgzXhA4gfz+MbKNQuFg4qohqkRJL3DBunQVHqM=
